// !$*UTF8*$!
{
	archiveVersion = 1;
	classes = {
	};
	objectVersion = 56;
	objects = {

/* Begin PBXBuildFile section */
		9B7130352C34B6A400551E2F /* StatisticView.swift in Sources */ = {isa = PBXBuildFile; fileRef = 9B7130342C34B6A400551E2F /* StatisticView.swift */; };
		9B7130372C34B9D700551E2F /* SettingView.swift in Sources */ = {isa = PBXBuildFile; fileRef = 9B7130362C34B9D700551E2F /* SettingView.swift */; };
		9B87FF572C3580C900E72743 /* TrainingCellModel.swift in Sources */ = {isa = PBXBuildFile; fileRef = 9B87FF562C3580C900E72743 /* TrainingCellModel.swift */; };
		9B88B9272C32C1FE005931E3 /* MyArcheryJournalApp.swift in Sources */ = {isa = PBXBuildFile; fileRef = 9B88B9262C32C1FE005931E3 /* MyArcheryJournalApp.swift */; };
		9B88B9292C32C1FE005931E3 /* ListTrainingView.swift in Sources */ = {isa = PBXBuildFile; fileRef = 9B88B9282C32C1FE005931E3 /* ListTrainingView.swift */; };
		9B88B92B2C32C1FF005931E3 /* Assets.xcassets in Resources */ = {isa = PBXBuildFile; fileRef = 9B88B92A2C32C1FF005931E3 /* Assets.xcassets */; };
		9B88B92E2C32C1FF005931E3 /* Preview Assets.xcassets in Resources */ = {isa = PBXBuildFile; fileRef = 9B88B92D2C32C1FF005931E3 /* Preview Assets.xcassets */; };
		9BA9DA922C342239004158EF /* SFProText-Bold.ttf in Resources */ = {isa = PBXBuildFile; fileRef = 9BA9DA912C342239004158EF /* SFProText-Bold.ttf */; };
		9BA9DA942C34224C004158EF /* SFProText-Regular.ttf in Resources */ = {isa = PBXBuildFile; fileRef = 9BA9DA932C34224C004158EF /* SFProText-Regular.ttf */; };
		9BA9DA982C342320004158EF /* Digest.swift in Sources */ = {isa = PBXBuildFile; fileRef = 9BA9DA972C342320004158EF /* Digest.swift */; };
		9BA9DA9B2C3423BC004158EF /* Localizable.strings in Resources */ = {isa = PBXBuildFile; fileRef = 9BA9DA992C3423BC004158EF /* Localizable.strings */; };
		9BA9DA9E2C342426004158EF /* PaletteApp.swift in Sources */ = {isa = PBXBuildFile; fileRef = 9BA9DA9D2C342426004158EF /* PaletteApp.swift */; };
		9BA9DAA02C3425FC004158EF /* OurFont.swift in Sources */ = {isa = PBXBuildFile; fileRef = 9BA9DA9F2C3425FC004158EF /* OurFont.swift */; };
		9BA9DAA42C3428E1004158EF /* Color+HEX.swift in Sources */ = {isa = PBXBuildFile; fileRef = 9BA9DAA32C3428E1004158EF /* Color+HEX.swift */; };
		9BA9DAA62C342BF5004158EF /* ListImages.swift in Sources */ = {isa = PBXBuildFile; fileRef = 9BA9DAA52C342BF5004158EF /* ListImages.swift */; };
		9BF43E152C360E0F002C0D98 /* TrainingCellView.swift in Sources */ = {isa = PBXBuildFile; fileRef = 9BF43E142C360E0F002C0D98 /* TrainingCellView.swift */; };
/* End PBXBuildFile section */

/* Begin PBXFileReference section */
		9B7130342C34B6A400551E2F /* StatisticView.swift */ = {isa = PBXFileReference; lastKnownFileType = sourcecode.swift; path = StatisticView.swift; sourceTree = "<group>"; };
		9B7130362C34B9D700551E2F /* SettingView.swift */ = {isa = PBXFileReference; lastKnownFileType = sourcecode.swift; path = SettingView.swift; sourceTree = "<group>"; };
		9B87FF562C3580C900E72743 /* TrainingCellModel.swift */ = {isa = PBXFileReference; lastKnownFileType = sourcecode.swift; path = TrainingCellModel.swift; sourceTree = "<group>"; };
		9B88B9232C32C1FE005931E3 /* MyArcheryJournal.app */ = {isa = PBXFileReference; explicitFileType = wrapper.application; includeInIndex = 0; path = MyArcheryJournal.app; sourceTree = BUILT_PRODUCTS_DIR; };
		9B88B9262C32C1FE005931E3 /* MyArcheryJournalApp.swift */ = {isa = PBXFileReference; lastKnownFileType = sourcecode.swift; path = MyArcheryJournalApp.swift; sourceTree = "<group>"; };
		9B88B9282C32C1FE005931E3 /* ListTrainingView.swift */ = {isa = PBXFileReference; lastKnownFileType = sourcecode.swift; path = ListTrainingView.swift; sourceTree = "<group>"; };
		9B88B92A2C32C1FF005931E3 /* Assets.xcassets */ = {isa = PBXFileReference; lastKnownFileType = folder.assetcatalog; path = Assets.xcassets; sourceTree = "<group>"; };
		9B88B92D2C32C1FF005931E3 /* Preview Assets.xcassets */ = {isa = PBXFileReference; lastKnownFileType = folder.assetcatalog; path = "Preview Assets.xcassets"; sourceTree = "<group>"; };
		9BA9DA912C342239004158EF /* SFProText-Bold.ttf */ = {isa = PBXFileReference; lastKnownFileType = file; path = "SFProText-Bold.ttf"; sourceTree = "<group>"; };
		9BA9DA932C34224C004158EF /* SFProText-Regular.ttf */ = {isa = PBXFileReference; lastKnownFileType = file; path = "SFProText-Regular.ttf"; sourceTree = "<group>"; };
		9BA9DA972C342320004158EF /* Digest.swift */ = {isa = PBXFileReference; lastKnownFileType = sourcecode.swift; path = Digest.swift; sourceTree = "<group>"; };
		9BA9DA9A2C3423BC004158EF /* en */ = {isa = PBXFileReference; lastKnownFileType = text.plist.strings; name = en; path = en.lproj/Localizable.strings; sourceTree = "<group>"; };
		9BA9DA9D2C342426004158EF /* PaletteApp.swift */ = {isa = PBXFileReference; lastKnownFileType = sourcecode.swift; path = PaletteApp.swift; sourceTree = "<group>"; };
		9BA9DA9F2C3425FC004158EF /* OurFont.swift */ = {isa = PBXFileReference; lastKnownFileType = sourcecode.swift; path = OurFont.swift; sourceTree = "<group>"; };
		9BA9DAA32C3428E1004158EF /* Color+HEX.swift */ = {isa = PBXFileReference; lastKnownFileType = sourcecode.swift; path = "Color+HEX.swift"; sourceTree = "<group>"; };
		9BA9DAA52C342BF5004158EF /* ListImages.swift */ = {isa = PBXFileReference; lastKnownFileType = sourcecode.swift; path = ListImages.swift; sourceTree = "<group>"; };
		9BA9DAA72C342F99004158EF /* Info.plist */ = {isa = PBXFileReference; lastKnownFileType = text.plist; path = Info.plist; sourceTree = "<group>"; };
		9BF43E142C360E0F002C0D98 /* TrainingCellView.swift */ = {isa = PBXFileReference; lastKnownFileType = sourcecode.swift; path = TrainingCellView.swift; sourceTree = "<group>"; };
/* End PBXFileReference section */

/* Begin PBXFrameworksBuildPhase section */
		9B88B9202C32C1FE005931E3 /* Frameworks */ = {
			isa = PBXFrameworksBuildPhase;
			buildActionMask = 2147483647;
			files = (
			);
			runOnlyForDeploymentPostprocessing = 0;
		};
/* End PBXFrameworksBuildPhase section */

/* Begin PBXGroup section */
		9B85285B2C3526430006FB34 /* ServiceTraining */ = {
			isa = PBXGroup;
			children = (
			);
			path = ServiceTraining;
			sourceTree = "<group>";
		};
		9B88B91A2C32C1FE005931E3 = {
			isa = PBXGroup;
			children = (
				9B88B9252C32C1FE005931E3 /* MyArcheryJournal */,
				9B88B9242C32C1FE005931E3 /* Products */,
			);
			sourceTree = "<group>";
		};
		9B88B9242C32C1FE005931E3 /* Products */ = {
			isa = PBXGroup;
			children = (
				9B88B9232C32C1FE005931E3 /* MyArcheryJournal.app */,
			);
			name = Products;
			sourceTree = "<group>";
		};
		9B88B9252C32C1FE005931E3 /* MyArcheryJournal */ = {
			isa = PBXGroup;
			children = (
				9BA9DAA72C342F99004158EF /* Info.plist */,
				9BA9DAA12C3428BE004158EF /* Extention */,
				9BA9DA8E2C341FA2004158EF /* SupportingFiles */,
				9BA9DA952C3422F4004158EF /* Application */,
				9B85285B2C3526430006FB34 /* ServiceTraining */,
				9BA9DA8D2C341775004158EF /* Controller */,
				9BA9DA8C2C341770004158EF /* View */,
				9BA9DA8B2C341765004158EF /* Model */,
				9B88B9262C32C1FE005931E3 /* MyArcheryJournalApp.swift */,
				9B88B92A2C32C1FF005931E3 /* Assets.xcassets */,
				9B88B92C2C32C1FF005931E3 /* Preview Content */,
			);
			path = MyArcheryJournal;
			sourceTree = "<group>";
		};
		9B88B92C2C32C1FF005931E3 /* Preview Content */ = {
			isa = PBXGroup;
			children = (
				9B88B92D2C32C1FF005931E3 /* Preview Assets.xcassets */,
			);
			path = "Preview Content";
			sourceTree = "<group>";
		};
		9BA9DA8B2C341765004158EF /* Model */ = {
			isa = PBXGroup;
			children = (
				9B87FF562C3580C900E72743 /* TrainingCellModel.swift */,
			);
			path = Model;
			sourceTree = "<group>";
		};
		9BA9DA8C2C341770004158EF /* View */ = {
			isa = PBXGroup;
			children = (
				9B88B9282C32C1FE005931E3 /* ListTrainingView.swift */,
				9B7130342C34B6A400551E2F /* StatisticView.swift */,
				9B7130362C34B9D700551E2F /* SettingView.swift */,
				9BF43E142C360E0F002C0D98 /* TrainingCellView.swift */,
			);
			path = View;
			sourceTree = "<group>";
		};
		9BA9DA8D2C341775004158EF /* Controller */ = {
			isa = PBXGroup;
			children = (
			);
			path = Controller;
			sourceTree = "<group>";
		};
		9BA9DA8E2C341FA2004158EF /* SupportingFiles */ = {
			isa = PBXGroup;
			children = (
				9BA9DA8F2C341FD1004158EF /* Font */,
			);
			path = SupportingFiles;
			sourceTree = "<group>";
		};
		9BA9DA8F2C341FD1004158EF /* Font */ = {
			isa = PBXGroup;
			children = (
				9BA9DA902C341FF0004158EF /* SF_PRO */,
			);
			path = Font;
			sourceTree = "<group>";
		};
		9BA9DA902C341FF0004158EF /* SF_PRO */ = {
			isa = PBXGroup;
			children = (
				9BA9DA932C34224C004158EF /* SFProText-Regular.ttf */,
				9BA9DA912C342239004158EF /* SFProText-Bold.ttf */,
			);
			path = SF_PRO;
			sourceTree = "<group>";
		};
		9BA9DA952C3422F4004158EF /* Application */ = {
			isa = PBXGroup;
			children = (
				9BA9DA9C2C34240B004158EF /* OurSetting */,
				9BA9DA962C3422FD004158EF /* Localization */,
			);
			path = Application;
			sourceTree = "<group>";
		};
		9BA9DA962C3422FD004158EF /* Localization */ = {
			isa = PBXGroup;
			children = (
				9BA9DA972C342320004158EF /* Digest.swift */,
				9BA9DA992C3423BC004158EF /* Localizable.strings */,
			);
			path = Localization;
			sourceTree = "<group>";
		};
		9BA9DA9C2C34240B004158EF /* OurSetting */ = {
			isa = PBXGroup;
			children = (
				9BA9DA9D2C342426004158EF /* PaletteApp.swift */,
				9BA9DA9F2C3425FC004158EF /* OurFont.swift */,
				9BA9DAA52C342BF5004158EF /* ListImages.swift */,
			);
			path = OurSetting;
			sourceTree = "<group>";
		};
		9BA9DAA12C3428BE004158EF /* Extention */ = {
			isa = PBXGroup;
			children = (
				9BA9DAA22C3428CA004158EF /* Color */,
			);
			path = Extention;
			sourceTree = "<group>";
		};
		9BA9DAA22C3428CA004158EF /* Color */ = {
			isa = PBXGroup;
			children = (
				9BA9DAA32C3428E1004158EF /* Color+HEX.swift */,
			);
			path = Color;
			sourceTree = "<group>";
		};
/* End PBXGroup section */

/* Begin PBXNativeTarget section */
		9B88B9222C32C1FE005931E3 /* MyArcheryJournal */ = {
			isa = PBXNativeTarget;
			buildConfigurationList = 9B88B9312C32C1FF005931E3 /* Build configuration list for PBXNativeTarget "MyArcheryJournal" */;
			buildPhases = (
				9B88B91F2C32C1FE005931E3 /* Sources */,
				9B88B9202C32C1FE005931E3 /* Frameworks */,
				9B88B9212C32C1FE005931E3 /* Resources */,
			);
			buildRules = (
			);
			dependencies = (
			);
			name = MyArcheryJournal;
			productName = MyArcheryJournal;
			productReference = 9B88B9232C32C1FE005931E3 /* MyArcheryJournal.app */;
			productType = "com.apple.product-type.application";
		};
/* End PBXNativeTarget section */

/* Begin PBXProject section */
		9B88B91B2C32C1FE005931E3 /* Project object */ = {
			isa = PBXProject;
			attributes = {
				BuildIndependentTargetsInParallel = 1;
				LastSwiftUpdateCheck = 1540;
				LastUpgradeCheck = 1540;
				TargetAttributes = {
					9B88B9222C32C1FE005931E3 = {
						CreatedOnToolsVersion = 15.4;
					};
				};
			};
			buildConfigurationList = 9B88B91E2C32C1FE005931E3 /* Build configuration list for PBXProject "MyArcheryJournal" */;
			compatibilityVersion = "Xcode 14.0";
			developmentRegion = en;
			hasScannedForEncodings = 0;
			knownRegions = (
				en,
				Base,
			);
			mainGroup = 9B88B91A2C32C1FE005931E3;
			productRefGroup = 9B88B9242C32C1FE005931E3 /* Products */;
			projectDirPath = "";
			projectRoot = "";
			targets = (
				9B88B9222C32C1FE005931E3 /* MyArcheryJournal */,
			);
		};
/* End PBXProject section */

/* Begin PBXResourcesBuildPhase section */
		9B88B9212C32C1FE005931E3 /* Resources */ = {
			isa = PBXResourcesBuildPhase;
			buildActionMask = 2147483647;
			files = (
				9BA9DA9B2C3423BC004158EF /* Localizable.strings in Resources */,
				9B88B92E2C32C1FF005931E3 /* Preview Assets.xcassets in Resources */,
				9BA9DA922C342239004158EF /* SFProText-Bold.ttf in Resources */,
				9B88B92B2C32C1FF005931E3 /* Assets.xcassets in Resources */,
				9BA9DA942C34224C004158EF /* SFProText-Regular.ttf in Resources */,
			);
			runOnlyForDeploymentPostprocessing = 0;
		};
/* End PBXResourcesBuildPhase section */

/* Begin PBXSourcesBuildPhase section */
		9B88B91F2C32C1FE005931E3 /* Sources */ = {
			isa = PBXSourcesBuildPhase;
			buildActionMask = 2147483647;
			files = (
				9BA9DAA62C342BF5004158EF /* ListImages.swift in Sources */,
				9B7130352C34B6A400551E2F /* StatisticView.swift in Sources */,
				9B88B9292C32C1FE005931E3 /* ListTrainingView.swift in Sources */,
				9B7130372C34B9D700551E2F /* SettingView.swift in Sources */,
				9BA9DAA02C3425FC004158EF /* OurFont.swift in Sources */,
				9B88B9272C32C1FE005931E3 /* MyArcheryJournalApp.swift in Sources */,
				9BF43E152C360E0F002C0D98 /* TrainingCellView.swift in Sources */,
				9BA9DAA42C3428E1004158EF /* Color+HEX.swift in Sources */,
				9BA9DA982C342320004158EF /* Digest.swift in Sources */,
				9BA9DA9E2C342426004158EF /* PaletteApp.swift in Sources */,
				9B87FF572C3580C900E72743 /* TrainingCellModel.swift in Sources */,
			);
			runOnlyForDeploymentPostprocessing = 0;
		};
/* End PBXSourcesBuildPhase section */

/* Begin PBXVariantGroup section */
		9BA9DA992C3423BC004158EF /* Localizable.strings */ = {
			isa = PBXVariantGroup;
			children = (
				9BA9DA9A2C3423BC004158EF /* en */,
			);
			name = Localizable.strings;
			sourceTree = "<group>";
		};
/* End PBXVariantGroup section */

/* Begin XCBuildConfiguration section */
		9B88B92F2C32C1FF005931E3 /* Debug */ = {
			isa = XCBuildConfiguration;
			buildSettings = {
				ALWAYS_SEARCH_USER_PATHS = NO;
				ASSETCATALOG_COMPILER_GENERATE_SWIFT_ASSET_SYMBOL_EXTENSIONS = YES;
				CLANG_ANALYZER_NONNULL = YES;
				CLANG_ANALYZER_NUMBER_OBJECT_CONVERSION = YES_AGGRESSIVE;
				CLANG_CXX_LANGUAGE_STANDARD = "gnu++20";
				CLANG_ENABLE_MODULES = YES;
				CLANG_ENABLE_OBJC_ARC = YES;
				CLANG_ENABLE_OBJC_WEAK = YES;
				CLANG_WARN_BLOCK_CAPTURE_AUTORELEASING = YES;
				CLANG_WARN_BOOL_CONVERSION = YES;
				CLANG_WARN_COMMA = YES;
				CLANG_WARN_CONSTANT_CONVERSION = YES;
				CLANG_WARN_DEPRECATED_OBJC_IMPLEMENTATIONS = YES;
				CLANG_WARN_DIRECT_OBJC_ISA_USAGE = YES_ERROR;
				CLANG_WARN_DOCUMENTATION_COMMENTS = YES;
				CLANG_WARN_EMPTY_BODY = YES;
				CLANG_WARN_ENUM_CONVERSION = YES;
				CLANG_WARN_INFINITE_RECURSION = YES;
				CLANG_WARN_INT_CONVERSION = YES;
				CLANG_WARN_NON_LITERAL_NULL_CONVERSION = YES;
				CLANG_WARN_OBJC_IMPLICIT_RETAIN_SELF = YES;
				CLANG_WARN_OBJC_LITERAL_CONVERSION = YES;
				CLANG_WARN_OBJC_ROOT_CLASS = YES_ERROR;
				CLANG_WARN_QUOTED_INCLUDE_IN_FRAMEWORK_HEADER = YES;
				CLANG_WARN_RANGE_LOOP_ANALYSIS = YES;
				CLANG_WARN_STRICT_PROTOTYPES = YES;
				CLANG_WARN_SUSPICIOUS_MOVE = YES;
				CLANG_WARN_UNGUARDED_AVAILABILITY = YES_AGGRESSIVE;
				CLANG_WARN_UNREACHABLE_CODE = YES;
				CLANG_WARN__DUPLICATE_METHOD_MATCH = YES;
				COPY_PHASE_STRIP = NO;
				DEBUG_INFORMATION_FORMAT = dwarf;
				ENABLE_STRICT_OBJC_MSGSEND = YES;
				ENABLE_TESTABILITY = YES;
				ENABLE_USER_SCRIPT_SANDBOXING = YES;
				GCC_C_LANGUAGE_STANDARD = gnu17;
				GCC_DYNAMIC_NO_PIC = NO;
				GCC_NO_COMMON_BLOCKS = YES;
				GCC_OPTIMIZATION_LEVEL = 0;
				GCC_PREPROCESSOR_DEFINITIONS = (
					"DEBUG=1",
					"$(inherited)",
				);
				GCC_WARN_64_TO_32_BIT_CONVERSION = YES;
				GCC_WARN_ABOUT_RETURN_TYPE = YES_ERROR;
				GCC_WARN_UNDECLARED_SELECTOR = YES;
				GCC_WARN_UNINITIALIZED_AUTOS = YES_AGGRESSIVE;
				GCC_WARN_UNUSED_FUNCTION = YES;
				GCC_WARN_UNUSED_VARIABLE = YES;
				IPHONEOS_DEPLOYMENT_TARGET = 17.5;
				LOCALIZATION_PREFERS_STRING_CATALOGS = YES;
				MTL_ENABLE_DEBUG_INFO = INCLUDE_SOURCE;
				MTL_FAST_MATH = YES;
				ONLY_ACTIVE_ARCH = YES;
				SDKROOT = iphoneos;
				SWIFT_ACTIVE_COMPILATION_CONDITIONS = "DEBUG $(inherited)";
				SWIFT_OPTIMIZATION_LEVEL = "-Onone";
			};
			name = Debug;
		};
		9B88B9302C32C1FF005931E3 /* Release */ = {
			isa = XCBuildConfiguration;
			buildSettings = {
				ALWAYS_SEARCH_USER_PATHS = NO;
				ASSETCATALOG_COMPILER_GENERATE_SWIFT_ASSET_SYMBOL_EXTENSIONS = YES;
				CLANG_ANALYZER_NONNULL = YES;
				CLANG_ANALYZER_NUMBER_OBJECT_CONVERSION = YES_AGGRESSIVE;
				CLANG_CXX_LANGUAGE_STANDARD = "gnu++20";
				CLANG_ENABLE_MODULES = YES;
				CLANG_ENABLE_OBJC_ARC = YES;
				CLANG_ENABLE_OBJC_WEAK = YES;
				CLANG_WARN_BLOCK_CAPTURE_AUTORELEASING = YES;
				CLANG_WARN_BOOL_CONVERSION = YES;
				CLANG_WARN_COMMA = YES;
				CLANG_WARN_CONSTANT_CONVERSION = YES;
				CLANG_WARN_DEPRECATED_OBJC_IMPLEMENTATIONS = YES;
				CLANG_WARN_DIRECT_OBJC_ISA_USAGE = YES_ERROR;
				CLANG_WARN_DOCUMENTATION_COMMENTS = YES;
				CLANG_WARN_EMPTY_BODY = YES;
				CLANG_WARN_ENUM_CONVERSION = YES;
				CLANG_WARN_INFINITE_RECURSION = YES;
				CLANG_WARN_INT_CONVERSION = YES;
				CLANG_WARN_NON_LITERAL_NULL_CONVERSION = YES;
				CLANG_WARN_OBJC_IMPLICIT_RETAIN_SELF = YES;
				CLANG_WARN_OBJC_LITERAL_CONVERSION = YES;
				CLANG_WARN_OBJC_ROOT_CLASS = YES_ERROR;
				CLANG_WARN_QUOTED_INCLUDE_IN_FRAMEWORK_HEADER = YES;
				CLANG_WARN_RANGE_LOOP_ANALYSIS = YES;
				CLANG_WARN_STRICT_PROTOTYPES = YES;
				CLANG_WARN_SUSPICIOUS_MOVE = YES;
				CLANG_WARN_UNGUARDED_AVAILABILITY = YES_AGGRESSIVE;
				CLANG_WARN_UNREACHABLE_CODE = YES;
				CLANG_WARN__DUPLICATE_METHOD_MATCH = YES;
				COPY_PHASE_STRIP = NO;
				DEBUG_INFORMATION_FORMAT = "dwarf-with-dsym";
				ENABLE_NS_ASSERTIONS = NO;
				ENABLE_STRICT_OBJC_MSGSEND = YES;
				ENABLE_USER_SCRIPT_SANDBOXING = YES;
				GCC_C_LANGUAGE_STANDARD = gnu17;
				GCC_NO_COMMON_BLOCKS = YES;
				GCC_WARN_64_TO_32_BIT_CONVERSION = YES;
				GCC_WARN_ABOUT_RETURN_TYPE = YES_ERROR;
				GCC_WARN_UNDECLARED_SELECTOR = YES;
				GCC_WARN_UNINITIALIZED_AUTOS = YES_AGGRESSIVE;
				GCC_WARN_UNUSED_FUNCTION = YES;
				GCC_WARN_UNUSED_VARIABLE = YES;
				IPHONEOS_DEPLOYMENT_TARGET = 17.5;
				LOCALIZATION_PREFERS_STRING_CATALOGS = YES;
				MTL_ENABLE_DEBUG_INFO = NO;
				MTL_FAST_MATH = YES;
				SDKROOT = iphoneos;
				SWIFT_COMPILATION_MODE = wholemodule;
				VALIDATE_PRODUCT = YES;
			};
			name = Release;
		};
		9B88B9322C32C1FF005931E3 /* Debug */ = {
			isa = XCBuildConfiguration;
			buildSettings = {
				ASSETCATALOG_COMPILER_APPICON_NAME = AppIcon;
				ASSETCATALOG_COMPILER_GLOBAL_ACCENT_COLOR_NAME = AccentColor;
				CODE_SIGN_STYLE = Automatic;
				CURRENT_PROJECT_VERSION = 1;
				DEVELOPMENT_ASSET_PATHS = "\"MyArcheryJournal/Preview Content\"";
				DEVELOPMENT_TEAM = GX86CHN34S;
				ENABLE_PREVIEWS = YES;
				GENERATE_INFOPLIST_FILE = YES;
				INFOPLIST_FILE = MyArcheryJournal/Info.plist;
				INFOPLIST_KEY_UIApplicationSceneManifest_Generation = YES;
				INFOPLIST_KEY_UIApplicationSupportsIndirectInputEvents = YES;
				INFOPLIST_KEY_UILaunchScreen_Generation = YES;
				INFOPLIST_KEY_UISupportedInterfaceOrientations_iPad = "UIInterfaceOrientationPortrait UIInterfaceOrientationPortraitUpsideDown UIInterfaceOrientationLandscapeLeft UIInterfaceOrientationLandscapeRight";
				INFOPLIST_KEY_UISupportedInterfaceOrientations_iPhone = "UIInterfaceOrientationPortrait UIInterfaceOrientationLandscapeLeft UIInterfaceOrientationLandscapeRight";
				LD_RUNPATH_SEARCH_PATHS = (
					"$(inherited)",
					"@executable_path/Frameworks",
				);
				MARKETING_VERSION = 1.0;
				PRODUCT_BUNDLE_IDENTIFIER = "Kutasov-Evgenii.MyArcheryJournal";
				PRODUCT_NAME = "$(TARGET_NAME)";
				SWIFT_EMIT_LOC_STRINGS = YES;
				SWIFT_VERSION = 5.0;
				TARGETED_DEVICE_FAMILY = "1,2";
			};
			name = Debug;
		};
		9B88B9332C32C1FF005931E3 /* Release */ = {
			isa = XCBuildConfiguration;
			buildSettings = {
				ASSETCATALOG_COMPILER_APPICON_NAME = AppIcon;
				ASSETCATALOG_COMPILER_GLOBAL_ACCENT_COLOR_NAME = AccentColor;
				CODE_SIGN_STYLE = Automatic;
				CURRENT_PROJECT_VERSION = 1;
				DEVELOPMENT_ASSET_PATHS = "\"MyArcheryJournal/Preview Content\"";
				DEVELOPMENT_TEAM = GX86CHN34S;
				ENABLE_PREVIEWS = YES;
				GENERATE_INFOPLIST_FILE = YES;
				INFOPLIST_FILE = MyArcheryJournal/Info.plist;
				INFOPLIST_KEY_UIApplicationSceneManifest_Generation = YES;
				INFOPLIST_KEY_UIApplicationSupportsIndirectInputEvents = YES;
				INFOPLIST_KEY_UILaunchScreen_Generation = YES;
				INFOPLIST_KEY_UISupportedInterfaceOrientations_iPad = "UIInterfaceOrientationPortrait UIInterfaceOrientationPortraitUpsideDown UIInterfaceOrientationLandscapeLeft UIInterfaceOrientationLandscapeRight";
				INFOPLIST_KEY_UISupportedInterfaceOrientations_iPhone = "UIInterfaceOrientationPortrait UIInterfaceOrientationLandscapeLeft UIInterfaceOrientationLandscapeRight";
				LD_RUNPATH_SEARCH_PATHS = (
					"$(inherited)",
					"@executable_path/Frameworks",
				);
				MARKETING_VERSION = 1.0;
				PRODUCT_BUNDLE_IDENTIFIER = "Kutasov-Evgenii.MyArcheryJournal";
				PRODUCT_NAME = "$(TARGET_NAME)";
				SWIFT_EMIT_LOC_STRINGS = YES;
				SWIFT_VERSION = 5.0;
				TARGETED_DEVICE_FAMILY = "1,2";
			};
			name = Release;
		};
/* End XCBuildConfiguration section */

/* Begin XCConfigurationList section */
		9B88B91E2C32C1FE005931E3 /* Build configuration list for PBXProject "MyArcheryJournal" */ = {
			isa = XCConfigurationList;
			buildConfigurations = (
				9B88B92F2C32C1FF005931E3 /* Debug */,
				9B88B9302C32C1FF005931E3 /* Release */,
			);
			defaultConfigurationIsVisible = 0;
			defaultConfigurationName = Release;
		};
		9B88B9312C32C1FF005931E3 /* Build configuration list for PBXNativeTarget "MyArcheryJournal" */ = {
			isa = XCConfigurationList;
			buildConfigurations = (
				9B88B9322C32C1FF005931E3 /* Debug */,
				9B88B9332C32C1FF005931E3 /* Release */,
			);
			defaultConfigurationIsVisible = 0;
			defaultConfigurationName = Release;
		};
/* End XCConfigurationList section */
	};
	rootObject = 9B88B91B2C32C1FE005931E3 /* Project object */;
}
