// !$*UTF8*$!
{
	archiveVersion = 1;
	classes = {
	};
	objectVersion = 56;
	objects = {

/* Begin PBXBuildFile section */
		7E833EE02D0C7C930090D8AE /* MyArcheryData.xcdatamodel in Sources */ = {isa = PBXBuildFile; fileRef = 7E833EDF2D0C7C930090D8AE /* MyArcheryData.xcdatamodel */; };
		7EB84C982D61CEFE001BFDD8 /* SettingMainText.swift in Sources */ = {isa = PBXBuildFile; fileRef = 7EB84C972D61CEFE001BFDD8 /* SettingMainText.swift */; };
		7EB84CA22D61D14D001BFDD8 /* UserAgreement.txt in Resources */ = {isa = PBXBuildFile; fileRef = 7EB84CA12D61D14D001BFDD8 /* UserAgreement.txt */; };
		7EB84CA42D61D199001BFDD8 /* PrivacyPolicy.txt in Resources */ = {isa = PBXBuildFile; fileRef = 7EB84CA32D61D199001BFDD8 /* PrivacyPolicy.txt */; };
		7EB84CA82D61E2B7001BFDD8 /* UserAgreement_English.txt in Resources */ = {isa = PBXBuildFile; fileRef = 7EB84CA72D61E2B7001BFDD8 /* UserAgreement_English.txt */; };
		7EB84CAA2D61E2BC001BFDD8 /* PrivacyPolicy_English.txt in Resources */ = {isa = PBXBuildFile; fileRef = 7EB84CA92D61E2BC001BFDD8 /* PrivacyPolicy_English.txt */; };
		7EBE27F42D6B3D8E00CDF4C9 /* SettingTrainingTargerViewCollection.swift in Sources */ = {isa = PBXBuildFile; fileRef = 7EBE27F32D6B3D8E00CDF4C9 /* SettingTrainingTargerViewCollection.swift */; };
		7EBE27F62D6B3F8A00CDF4C9 /* SettingCardView.swift in Sources */ = {isa = PBXBuildFile; fileRef = 7EBE27F52D6B3F8A00CDF4C9 /* SettingCardView.swift */; };
		7EBE27F92D6B4C0800CDF4C9 /* SettingTrainingController.swift in Sources */ = {isa = PBXBuildFile; fileRef = 7EBE27F82D6B4C0800CDF4C9 /* SettingTrainingController.swift */; };
		9B033AEA2CA1900B005A7ECE /* EnumCountSeriesInTarget.swift in Sources */ = {isa = PBXBuildFile; fileRef = 9B033AE92CA1900B005A7ECE /* EnumCountSeriesInTarget.swift */; };
		9B1274092C3C9FA700A3B17B /* ArcheryService.swift in Sources */ = {isa = PBXBuildFile; fileRef = 9B1274082C3C9FA700A3B17B /* ArcheryService.swift */; };
		9B12740F2C3CB25A00A3B17B /* SettingTrainingView.swift in Sources */ = {isa = PBXBuildFile; fileRef = 9B12740E2C3CB25A00A3B17B /* SettingTrainingView.swift */; };
		9B1B352C2C7B520D00D84AA6 /* CalculatorController.swift in Sources */ = {isa = PBXBuildFile; fileRef = 9B1B352B2C7B520D00D84AA6 /* CalculatorController.swift */; };
		9B355A6C2CFE65E6006FAF2A /* EnumSnackBarMessage.swift in Sources */ = {isa = PBXBuildFile; fileRef = 9B355A6B2CFE65E6006FAF2A /* EnumSnackBarMessage.swift */; };
		9B355A702CFF3990006FAF2A /* EnumValueException.swift in Sources */ = {isa = PBXBuildFile; fileRef = 9B355A6F2CFF3990006FAF2A /* EnumValueException.swift */; };
		9B3E64CE2CECC34200EF1844 /* SaveOneTrainingModel.swift in Sources */ = {isa = PBXBuildFile; fileRef = 9B3E64CD2CECC34200EF1844 /* SaveOneTrainingModel.swift */; };
		9B4FBD712CEA2332007E4327 /* SelectedElementModel.swift in Sources */ = {isa = PBXBuildFile; fileRef = 9B4FBD702CEA2332007E4327 /* SelectedElementModel.swift */; };
		9B542FA52CF9221E00B22984 /* SnackbarView.swift in Sources */ = {isa = PBXBuildFile; fileRef = 9B542FA42CF9221E00B22984 /* SnackbarView.swift */; };
		9B542FAA2CF92A5600B22984 /* SnackBarManager.swift in Sources */ = {isa = PBXBuildFile; fileRef = 9B542FA92CF92A5600B22984 /* SnackBarManager.swift */; };
		9B7130352C34B6A400551E2F /* StatisticView.swift in Sources */ = {isa = PBXBuildFile; fileRef = 9B7130342C34B6A400551E2F /* StatisticView.swift */; };
		9B7130372C34B9D700551E2F /* SettingView.swift in Sources */ = {isa = PBXBuildFile; fileRef = 9B7130362C34B9D700551E2F /* SettingView.swift */; };
		9B7148022C813A1D00EE7EB1 /* EnumListingButton.swift in Sources */ = {isa = PBXBuildFile; fileRef = 9B7148012C813A1D00EE7EB1 /* EnumListingButton.swift */; };
		9B73BCA42C9AEDD30066C006 /* EnumListingMark.swift in Sources */ = {isa = PBXBuildFile; fileRef = 9B73BCA32C9AEDD30066C006 /* EnumListingMark.swift */; };
		9B8161D92C7FDD8A00606803 /* EnumColorMark.swift in Sources */ = {isa = PBXBuildFile; fileRef = 9B8161D82C7FDD8A00606803 /* EnumColorMark.swift */; };
		9B8161DB2C809B8800606803 /* EnumMarkCount.swift in Sources */ = {isa = PBXBuildFile; fileRef = 9B8161DA2C809B8800606803 /* EnumMarkCount.swift */; };
		9B84DF9A2C400C53003DB50F /* SettingModel.swift in Sources */ = {isa = PBXBuildFile; fileRef = 9B84DF992C400C53003DB50F /* SettingModel.swift */; };
		9B84DF9D2C4015A4003DB50F /* Date+Extension.swift in Sources */ = {isa = PBXBuildFile; fileRef = 9B84DF9C2C4015A4003DB50F /* Date+Extension.swift */; };
		9B8525152C6C236900C22E42 /* CalculatorView.swift in Sources */ = {isa = PBXBuildFile; fileRef = 9B8525142C6C236900C22E42 /* CalculatorView.swift */; };
		9B87686E2CC075F40091E4DC /* LanguageManager.swift in Sources */ = {isa = PBXBuildFile; fileRef = 9B87686D2CC075F40091E4DC /* LanguageManager.swift */; };
		9B8768702CC076B30091E4DC /* EnumLanguage.swift in Sources */ = {isa = PBXBuildFile; fileRef = 9B87686F2CC076B30091E4DC /* EnumLanguage.swift */; };
		9B8768772CC077A20091E4DC /* String+Localized.swift in Sources */ = {isa = PBXBuildFile; fileRef = 9B8768762CC077A20091E4DC /* String+Localized.swift */; };
		9B87FF572C3580C900E72743 /* ListTrainingModelCell.swift in Sources */ = {isa = PBXBuildFile; fileRef = 9B87FF562C3580C900E72743 /* ListTrainingModelCell.swift */; };
		9B88B9272C32C1FE005931E3 /* MyArcheryJournalApp.swift in Sources */ = {isa = PBXBuildFile; fileRef = 9B88B9262C32C1FE005931E3 /* MyArcheryJournalApp.swift */; };
		9B88B9292C32C1FE005931E3 /* ListTrainingView.swift in Sources */ = {isa = PBXBuildFile; fileRef = 9B88B9282C32C1FE005931E3 /* ListTrainingView.swift */; };
		9B88B92B2C32C1FF005931E3 /* Assets.xcassets in Resources */ = {isa = PBXBuildFile; fileRef = 9B88B92A2C32C1FF005931E3 /* Assets.xcassets */; };
		9B88B92E2C32C1FF005931E3 /* Preview Assets.xcassets in Resources */ = {isa = PBXBuildFile; fileRef = 9B88B92D2C32C1FF005931E3 /* Preview Assets.xcassets */; };
		9B93BE5F2CA6E515007DAF63 /* SectionCellMarkView.swift in Sources */ = {isa = PBXBuildFile; fileRef = 9B93BE5E2CA6E515007DAF63 /* SectionCellMarkView.swift */; };
		9BA23B422D05C4BA00514487 /* HistogramView.swift in Sources */ = {isa = PBXBuildFile; fileRef = 9BA23B412D05C4BA00514487 /* HistogramView.swift */; };
		9BA23B442D05C58000514487 /* StatisticsGraphModel.swift in Sources */ = {isa = PBXBuildFile; fileRef = 9BA23B432D05C58000514487 /* StatisticsGraphModel.swift */; };
		9BA23B462D05C8C400514487 /* StatisticTrainingController.swift in Sources */ = {isa = PBXBuildFile; fileRef = 9BA23B452D05C8C400514487 /* StatisticTrainingController.swift */; };
		9BA9DA922C342239004158EF /* SFProText-Bold.ttf in Resources */ = {isa = PBXBuildFile; fileRef = 9BA9DA912C342239004158EF /* SFProText-Bold.ttf */; };
		9BA9DA942C34224C004158EF /* SFProText-Regular.ttf in Resources */ = {isa = PBXBuildFile; fileRef = 9BA9DA932C34224C004158EF /* SFProText-Regular.ttf */; };
		9BA9DA982C342320004158EF /* Digest.swift in Sources */ = {isa = PBXBuildFile; fileRef = 9BA9DA972C342320004158EF /* Digest.swift */; };
		9BA9DA9B2C3423BC004158EF /* Localizable.strings in Resources */ = {isa = PBXBuildFile; fileRef = 9BA9DA992C3423BC004158EF /* Localizable.strings */; };
		9BA9DA9E2C342426004158EF /* PaletteApp.swift in Sources */ = {isa = PBXBuildFile; fileRef = 9BA9DA9D2C342426004158EF /* PaletteApp.swift */; };
		9BA9DAA02C3425FC004158EF /* OurFont.swift in Sources */ = {isa = PBXBuildFile; fileRef = 9BA9DA9F2C3425FC004158EF /* OurFont.swift */; };
		9BA9DAA42C3428E1004158EF /* Color+HEX.swift in Sources */ = {isa = PBXBuildFile; fileRef = 9BA9DAA32C3428E1004158EF /* Color+HEX.swift */; };
		9BA9DAA62C342BF5004158EF /* ListImages.swift in Sources */ = {isa = PBXBuildFile; fileRef = 9BA9DAA52C342BF5004158EF /* ListImages.swift */; };
		9BB27B9F2D08620E00D5E846 /* EnumStatisticsPeriod.swift in Sources */ = {isa = PBXBuildFile; fileRef = 9BB27B9E2D08620E00D5E846 /* EnumStatisticsPeriod.swift */; };
		9BB27BA12D09002800D5E846 /* LineGraphView.swift in Sources */ = {isa = PBXBuildFile; fileRef = 9BB27BA02D09002800D5E846 /* LineGraphView.swift */; };
		9BBEADF22C71AD2900F3BBDE /* MarkAttemptCellView.swift in Sources */ = {isa = PBXBuildFile; fileRef = 9BBEADF12C71AD2900F3BBDE /* MarkAttemptCellView.swift */; };
		9BBEADF42C71AE0900F3BBDE /* MarkAttemptCellModel.swift in Sources */ = {isa = PBXBuildFile; fileRef = 9BBEADF32C71AE0900F3BBDE /* MarkAttemptCellModel.swift */; };
		9BBEADF62C7233FB00F3BBDE /* EnumSelectedTraining.swift in Sources */ = {isa = PBXBuildFile; fileRef = 9BBEADF52C7233FB00F3BBDE /* EnumSelectedTraining.swift */; };
		9BED220E2C566AA300598529 /* ListTrainingController.swift in Sources */ = {isa = PBXBuildFile; fileRef = 9BED220D2C566AA300598529 /* ListTrainingController.swift */; };
		9BED22102C57D3D000598529 /* EnumDistance.swift in Sources */ = {isa = PBXBuildFile; fileRef = 9BED220F2C57D3D000598529 /* EnumDistance.swift */; };
		9BED22122C57D3E400598529 /* EnumTarget.swift in Sources */ = {isa = PBXBuildFile; fileRef = 9BED22112C57D3E400598529 /* EnumTarget.swift */; };
		9BED22142C584DBA00598529 /* String+Extension.swift in Sources */ = {isa = PBXBuildFile; fileRef = 9BED22132C584DBA00598529 /* String+Extension.swift */; };
		9BF43E152C360E0F002C0D98 /* ListTrainingViewCell.swift in Sources */ = {isa = PBXBuildFile; fileRef = 9BF43E142C360E0F002C0D98 /* ListTrainingViewCell.swift */; };
/* End PBXBuildFile section */

/* Begin PBXFileReference section */
		7E833EDF2D0C7C930090D8AE /* MyArcheryData.xcdatamodel */ = {isa = PBXFileReference; lastKnownFileType = wrapper.xcdatamodel; path = MyArcheryData.xcdatamodel; sourceTree = "<group>"; };
		7EB84C972D61CEFE001BFDD8 /* SettingMainText.swift */ = {isa = PBXFileReference; lastKnownFileType = sourcecode.swift; path = SettingMainText.swift; sourceTree = "<group>"; };
		7EB84CA12D61D14D001BFDD8 /* UserAgreement.txt */ = {isa = PBXFileReference; lastKnownFileType = text; path = UserAgreement.txt; sourceTree = "<group>"; };
		7EB84CA32D61D199001BFDD8 /* PrivacyPolicy.txt */ = {isa = PBXFileReference; lastKnownFileType = text; path = PrivacyPolicy.txt; sourceTree = "<group>"; };
		7EB84CA72D61E2B7001BFDD8 /* UserAgreement_English.txt */ = {isa = PBXFileReference; lastKnownFileType = text; path = UserAgreement_English.txt; sourceTree = "<group>"; };
		7EB84CA92D61E2BC001BFDD8 /* PrivacyPolicy_English.txt */ = {isa = PBXFileReference; lastKnownFileType = text; path = PrivacyPolicy_English.txt; sourceTree = "<group>"; };
		7EBE27F32D6B3D8E00CDF4C9 /* SettingTrainingTargerViewCollection.swift */ = {isa = PBXFileReference; lastKnownFileType = sourcecode.swift; path = SettingTrainingTargerViewCollection.swift; sourceTree = "<group>"; };
		7EBE27F52D6B3F8A00CDF4C9 /* SettingCardView.swift */ = {isa = PBXFileReference; lastKnownFileType = sourcecode.swift; path = SettingCardView.swift; sourceTree = "<group>"; };
		7EBE27F82D6B4C0800CDF4C9 /* SettingTrainingController.swift */ = {isa = PBXFileReference; lastKnownFileType = sourcecode.swift; path = SettingTrainingController.swift; sourceTree = "<group>"; };
		9B033AE92CA1900B005A7ECE /* EnumCountSeriesInTarget.swift */ = {isa = PBXFileReference; lastKnownFileType = sourcecode.swift; path = EnumCountSeriesInTarget.swift; sourceTree = "<group>"; };
		9B1274082C3C9FA700A3B17B /* ArcheryService.swift */ = {isa = PBXFileReference; lastKnownFileType = sourcecode.swift; path = ArcheryService.swift; sourceTree = "<group>"; };
		9B12740E2C3CB25A00A3B17B /* SettingTrainingView.swift */ = {isa = PBXFileReference; lastKnownFileType = sourcecode.swift; path = SettingTrainingView.swift; sourceTree = "<group>"; };
		9B1B352B2C7B520D00D84AA6 /* CalculatorController.swift */ = {isa = PBXFileReference; lastKnownFileType = sourcecode.swift; path = CalculatorController.swift; sourceTree = "<group>"; };
		9B355A6B2CFE65E6006FAF2A /* EnumSnackBarMessage.swift */ = {isa = PBXFileReference; lastKnownFileType = sourcecode.swift; path = EnumSnackBarMessage.swift; sourceTree = "<group>"; };
		9B355A6F2CFF3990006FAF2A /* EnumValueException.swift */ = {isa = PBXFileReference; lastKnownFileType = sourcecode.swift; path = EnumValueException.swift; sourceTree = "<group>"; };
		9B3E64CD2CECC34200EF1844 /* SaveOneTrainingModel.swift */ = {isa = PBXFileReference; lastKnownFileType = sourcecode.swift; path = SaveOneTrainingModel.swift; sourceTree = "<group>"; };
		9B4FBD702CEA2332007E4327 /* SelectedElementModel.swift */ = {isa = PBXFileReference; lastKnownFileType = sourcecode.swift; path = SelectedElementModel.swift; sourceTree = "<group>"; };
		9B542FA42CF9221E00B22984 /* SnackbarView.swift */ = {isa = PBXFileReference; lastKnownFileType = sourcecode.swift; path = SnackbarView.swift; sourceTree = "<group>"; };
		9B542FA92CF92A5600B22984 /* SnackBarManager.swift */ = {isa = PBXFileReference; lastKnownFileType = sourcecode.swift; path = SnackBarManager.swift; sourceTree = "<group>"; };
		9B7130342C34B6A400551E2F /* StatisticView.swift */ = {isa = PBXFileReference; lastKnownFileType = sourcecode.swift; path = StatisticView.swift; sourceTree = "<group>"; };
		9B7130362C34B9D700551E2F /* SettingView.swift */ = {isa = PBXFileReference; lastKnownFileType = sourcecode.swift; path = SettingView.swift; sourceTree = "<group>"; };
		9B7148012C813A1D00EE7EB1 /* EnumListingButton.swift */ = {isa = PBXFileReference; lastKnownFileType = sourcecode.swift; path = EnumListingButton.swift; sourceTree = "<group>"; };
		9B73BCA32C9AEDD30066C006 /* EnumListingMark.swift */ = {isa = PBXFileReference; lastKnownFileType = sourcecode.swift; path = EnumListingMark.swift; sourceTree = "<group>"; };
		9B8161D82C7FDD8A00606803 /* EnumColorMark.swift */ = {isa = PBXFileReference; lastKnownFileType = sourcecode.swift; path = EnumColorMark.swift; sourceTree = "<group>"; };
		9B8161DA2C809B8800606803 /* EnumMarkCount.swift */ = {isa = PBXFileReference; lastKnownFileType = sourcecode.swift; path = EnumMarkCount.swift; sourceTree = "<group>"; };
		9B84DF992C400C53003DB50F /* SettingModel.swift */ = {isa = PBXFileReference; lastKnownFileType = sourcecode.swift; path = SettingModel.swift; sourceTree = "<group>"; };
		9B84DF9C2C4015A4003DB50F /* Date+Extension.swift */ = {isa = PBXFileReference; lastKnownFileType = sourcecode.swift; path = "Date+Extension.swift"; sourceTree = "<group>"; };
		9B8525142C6C236900C22E42 /* CalculatorView.swift */ = {isa = PBXFileReference; lastKnownFileType = sourcecode.swift; path = CalculatorView.swift; sourceTree = "<group>"; };
		9B87686D2CC075F40091E4DC /* LanguageManager.swift */ = {isa = PBXFileReference; lastKnownFileType = sourcecode.swift; path = LanguageManager.swift; sourceTree = "<group>"; };
		9B87686F2CC076B30091E4DC /* EnumLanguage.swift */ = {isa = PBXFileReference; lastKnownFileType = sourcecode.swift; path = EnumLanguage.swift; sourceTree = "<group>"; };
		9B8768762CC077A20091E4DC /* String+Localized.swift */ = {isa = PBXFileReference; lastKnownFileType = sourcecode.swift; path = "String+Localized.swift"; sourceTree = "<group>"; };
		9B87FF562C3580C900E72743 /* ListTrainingModelCell.swift */ = {isa = PBXFileReference; lastKnownFileType = sourcecode.swift; path = ListTrainingModelCell.swift; sourceTree = "<group>"; };
		9B88B9232C32C1FE005931E3 /* Archery Journal.app */ = {isa = PBXFileReference; explicitFileType = wrapper.application; includeInIndex = 0; path = "Archery Journal.app"; sourceTree = BUILT_PRODUCTS_DIR; };
		9B88B9262C32C1FE005931E3 /* MyArcheryJournalApp.swift */ = {isa = PBXFileReference; lastKnownFileType = sourcecode.swift; path = MyArcheryJournalApp.swift; sourceTree = "<group>"; };
		9B88B9282C32C1FE005931E3 /* ListTrainingView.swift */ = {isa = PBXFileReference; lastKnownFileType = sourcecode.swift; path = ListTrainingView.swift; sourceTree = "<group>"; };
		9B88B92A2C32C1FF005931E3 /* Assets.xcassets */ = {isa = PBXFileReference; lastKnownFileType = folder.assetcatalog; path = Assets.xcassets; sourceTree = "<group>"; };
		9B88B92D2C32C1FF005931E3 /* Preview Assets.xcassets */ = {isa = PBXFileReference; lastKnownFileType = folder.assetcatalog; path = "Preview Assets.xcassets"; sourceTree = "<group>"; };
		9B93BE5E2CA6E515007DAF63 /* SectionCellMarkView.swift */ = {isa = PBXFileReference; lastKnownFileType = sourcecode.swift; path = SectionCellMarkView.swift; sourceTree = "<group>"; };
		9BA23B412D05C4BA00514487 /* HistogramView.swift */ = {isa = PBXFileReference; lastKnownFileType = sourcecode.swift; path = HistogramView.swift; sourceTree = "<group>"; };
		9BA23B432D05C58000514487 /* StatisticsGraphModel.swift */ = {isa = PBXFileReference; lastKnownFileType = sourcecode.swift; path = StatisticsGraphModel.swift; sourceTree = "<group>"; };
		9BA23B452D05C8C400514487 /* StatisticTrainingController.swift */ = {isa = PBXFileReference; lastKnownFileType = sourcecode.swift; path = StatisticTrainingController.swift; sourceTree = "<group>"; };
		9BA9DA912C342239004158EF /* SFProText-Bold.ttf */ = {isa = PBXFileReference; lastKnownFileType = file; path = "SFProText-Bold.ttf"; sourceTree = "<group>"; };
		9BA9DA932C34224C004158EF /* SFProText-Regular.ttf */ = {isa = PBXFileReference; lastKnownFileType = file; path = "SFProText-Regular.ttf"; sourceTree = "<group>"; };
		9BA9DA972C342320004158EF /* Digest.swift */ = {isa = PBXFileReference; lastKnownFileType = sourcecode.swift; path = Digest.swift; sourceTree = "<group>"; };
		9BA9DA9A2C3423BC004158EF /* en */ = {isa = PBXFileReference; lastKnownFileType = text.plist.strings; name = en; path = en.lproj/Localizable.strings; sourceTree = "<group>"; };
		9BA9DA9D2C342426004158EF /* PaletteApp.swift */ = {isa = PBXFileReference; lastKnownFileType = sourcecode.swift; path = PaletteApp.swift; sourceTree = "<group>"; };
		9BA9DA9F2C3425FC004158EF /* OurFont.swift */ = {isa = PBXFileReference; lastKnownFileType = sourcecode.swift; path = OurFont.swift; sourceTree = "<group>"; };
		9BA9DAA32C3428E1004158EF /* Color+HEX.swift */ = {isa = PBXFileReference; lastKnownFileType = sourcecode.swift; path = "Color+HEX.swift"; sourceTree = "<group>"; };
		9BA9DAA52C342BF5004158EF /* ListImages.swift */ = {isa = PBXFileReference; lastKnownFileType = sourcecode.swift; path = ListImages.swift; sourceTree = "<group>"; };
		9BA9DAA72C342F99004158EF /* Info.plist */ = {isa = PBXFileReference; lastKnownFileType = text.plist; path = Info.plist; sourceTree = "<group>"; };
		9BB27B9E2D08620E00D5E846 /* EnumStatisticsPeriod.swift */ = {isa = PBXFileReference; lastKnownFileType = sourcecode.swift; path = EnumStatisticsPeriod.swift; sourceTree = "<group>"; };
		9BB27BA02D09002800D5E846 /* LineGraphView.swift */ = {isa = PBXFileReference; lastKnownFileType = sourcecode.swift; path = LineGraphView.swift; sourceTree = "<group>"; };
		9BBEADF12C71AD2900F3BBDE /* MarkAttemptCellView.swift */ = {isa = PBXFileReference; lastKnownFileType = sourcecode.swift; path = MarkAttemptCellView.swift; sourceTree = "<group>"; };
		9BBEADF32C71AE0900F3BBDE /* MarkAttemptCellModel.swift */ = {isa = PBXFileReference; lastKnownFileType = sourcecode.swift; path = MarkAttemptCellModel.swift; sourceTree = "<group>"; };
		9BBEADF52C7233FB00F3BBDE /* EnumSelectedTraining.swift */ = {isa = PBXFileReference; lastKnownFileType = sourcecode.swift; path = EnumSelectedTraining.swift; sourceTree = "<group>"; };
		9BD3D7932CB7ED8F00B95794 /* ru */ = {isa = PBXFileReference; lastKnownFileType = text.plist.strings; name = ru; path = ru.lproj/Localizable.strings; sourceTree = "<group>"; };
		9BED220D2C566AA300598529 /* ListTrainingController.swift */ = {isa = PBXFileReference; lastKnownFileType = sourcecode.swift; path = ListTrainingController.swift; sourceTree = "<group>"; };
		9BED220F2C57D3D000598529 /* EnumDistance.swift */ = {isa = PBXFileReference; lastKnownFileType = sourcecode.swift; path = EnumDistance.swift; sourceTree = "<group>"; };
		9BED22112C57D3E400598529 /* EnumTarget.swift */ = {isa = PBXFileReference; lastKnownFileType = sourcecode.swift; path = EnumTarget.swift; sourceTree = "<group>"; };
		9BED22132C584DBA00598529 /* String+Extension.swift */ = {isa = PBXFileReference; lastKnownFileType = sourcecode.swift; path = "String+Extension.swift"; sourceTree = "<group>"; };
		9BF43E142C360E0F002C0D98 /* ListTrainingViewCell.swift */ = {isa = PBXFileReference; lastKnownFileType = sourcecode.swift; path = ListTrainingViewCell.swift; sourceTree = "<group>"; };
/* End PBXFileReference section */

/* Begin PBXFrameworksBuildPhase section */
		9B88B9202C32C1FE005931E3 /* Frameworks */ = {
			isa = PBXFrameworksBuildPhase;
			buildActionMask = 2147483647;
			files = (
			);
			runOnlyForDeploymentPostprocessing = 0;
		};
/* End PBXFrameworksBuildPhase section */

/* Begin PBXGroup section */
		7EB84C9A2D61D03A001BFDD8 /* Document */ = {
			isa = PBXGroup;
			children = (
				7EB84CA12D61D14D001BFDD8 /* UserAgreement.txt */,
				7EB84CA72D61E2B7001BFDD8 /* UserAgreement_English.txt */,
				7EB84CA32D61D199001BFDD8 /* PrivacyPolicy.txt */,
				7EB84CA92D61E2BC001BFDD8 /* PrivacyPolicy_English.txt */,
			);
			path = Document;
			sourceTree = "<group>";
		};
		7EBE27F72D6B4BE700CDF4C9 /* SettingController */ = {
			isa = PBXGroup;
			children = (
				7EBE27F82D6B4C0800CDF4C9 /* SettingTrainingController.swift */,
			);
			path = SettingController;
			sourceTree = "<group>";
		};
		9B355A682CFE65C2006FAF2A /* SnackBar */ = {
			isa = PBXGroup;
			children = (
				9B355A6A2CFE65D2006FAF2A /* Model */,
				9B355A692CFE65CC006FAF2A /* View */,
			);
			path = SnackBar;
			sourceTree = "<group>";
		};
		9B355A692CFE65CC006FAF2A /* View */ = {
			isa = PBXGroup;
			children = (
				9B542FA42CF9221E00B22984 /* SnackbarView.swift */,
			);
			path = View;
			sourceTree = "<group>";
		};
		9B355A6A2CFE65D2006FAF2A /* Model */ = {
			isa = PBXGroup;
			children = (
				9B355A6B2CFE65E6006FAF2A /* EnumSnackBarMessage.swift */,
			);
			path = Model;
			sourceTree = "<group>";
		};
		9B542FA32CF921ED00B22984 /* CustomUI */ = {
			isa = PBXGroup;
			children = (
				9B355A682CFE65C2006FAF2A /* SnackBar */,
			);
			path = CustomUI;
			sourceTree = "<group>";
		};
		9B7D8B082C6189250018DF1A /* MainApplication */ = {
			isa = PBXGroup;
			children = (
				9B8525102C6C1C7100C22E42 /* CalculatorTraining */,
				9B7D8B122C618B260018DF1A /* SettingMain */,
				9B7D8B112C618AF90018DF1A /* Statistics */,
				9B7D8B092C6189420018DF1A /* ListTraining */,
				9B7D8B0A2C6189610018DF1A /* SettingTraining */,
			);
			path = MainApplication;
			sourceTree = "<group>";
		};
		9B7D8B092C6189420018DF1A /* ListTraining */ = {
			isa = PBXGroup;
			children = (
				9B7D8B0B2C61897D0018DF1A /* ListModel */,
				9B7D8B0C2C6189860018DF1A /* ListView */,
				9B7D8B0D2C61898E0018DF1A /* ListController */,
			);
			path = ListTraining;
			sourceTree = "<group>";
		};
		9B7D8B0A2C6189610018DF1A /* SettingTraining */ = {
			isa = PBXGroup;
			children = (
				7EBE27F72D6B4BE700CDF4C9 /* SettingController */,
				9B7D8B0E2C618A1F0018DF1A /* SettingModel */,
				9B7D8B0F2C618A260018DF1A /* SettingView */,
			);
			path = SettingTraining;
			sourceTree = "<group>";
		};
		9B7D8B0B2C61897D0018DF1A /* ListModel */ = {
			isa = PBXGroup;
			children = (
				9B87FF562C3580C900E72743 /* ListTrainingModelCell.swift */,
			);
			path = ListModel;
			sourceTree = "<group>";
		};
		9B7D8B0C2C6189860018DF1A /* ListView */ = {
			isa = PBXGroup;
			children = (
				9B88B9282C32C1FE005931E3 /* ListTrainingView.swift */,
				9BF43E142C360E0F002C0D98 /* ListTrainingViewCell.swift */,
			);
			path = ListView;
			sourceTree = "<group>";
		};
		9B7D8B0D2C61898E0018DF1A /* ListController */ = {
			isa = PBXGroup;
			children = (
				9BED220D2C566AA300598529 /* ListTrainingController.swift */,
			);
			path = ListController;
			sourceTree = "<group>";
		};
		9B7D8B0E2C618A1F0018DF1A /* SettingModel */ = {
			isa = PBXGroup;
			children = (
				9B84DF992C400C53003DB50F /* SettingModel.swift */,
				9BED22112C57D3E400598529 /* EnumTarget.swift */,
				9BED220F2C57D3D000598529 /* EnumDistance.swift */,
				9BBEADF52C7233FB00F3BBDE /* EnumSelectedTraining.swift */,
			);
			path = SettingModel;
			sourceTree = "<group>";
		};
		9B7D8B0F2C618A260018DF1A /* SettingView */ = {
			isa = PBXGroup;
			children = (
				9B12740E2C3CB25A00A3B17B /* SettingTrainingView.swift */,
				7EBE27F32D6B3D8E00CDF4C9 /* SettingTrainingTargerViewCollection.swift */,
				7EBE27F52D6B3F8A00CDF4C9 /* SettingCardView.swift */,
			);
			path = SettingView;
			sourceTree = "<group>";
		};
		9B7D8B112C618AF90018DF1A /* Statistics */ = {
			isa = PBXGroup;
			children = (
				9B7D8B142C618B590018DF1A /* StatisticsModel */,
				9B7D8B152C618B630018DF1A /* StatisticsView */,
				9B7D8B132C618B450018DF1A /* StatisticsController */,
			);
			path = Statistics;
			sourceTree = "<group>";
		};
		9B7D8B122C618B260018DF1A /* SettingMain */ = {
			isa = PBXGroup;
			children = (
				9B7D8B172C618B7C0018DF1A /* SettingMainModel */,
				9B7D8B162C618B6E0018DF1A /* SettingMainView */,
			);
			path = SettingMain;
			sourceTree = "<group>";
		};
		9B7D8B132C618B450018DF1A /* StatisticsController */ = {
			isa = PBXGroup;
			children = (
				9BA23B452D05C8C400514487 /* StatisticTrainingController.swift */,
			);
			path = StatisticsController;
			sourceTree = "<group>";
		};
		9B7D8B142C618B590018DF1A /* StatisticsModel */ = {
			isa = PBXGroup;
			children = (
				9BA23B432D05C58000514487 /* StatisticsGraphModel.swift */,
				9BB27B9E2D08620E00D5E846 /* EnumStatisticsPeriod.swift */,
			);
			path = StatisticsModel;
			sourceTree = "<group>";
		};
		9B7D8B152C618B630018DF1A /* StatisticsView */ = {
			isa = PBXGroup;
			children = (
				9B7130342C34B6A400551E2F /* StatisticView.swift */,
				9BA23B412D05C4BA00514487 /* HistogramView.swift */,
				9BB27BA02D09002800D5E846 /* LineGraphView.swift */,
			);
			path = StatisticsView;
			sourceTree = "<group>";
		};
		9B7D8B162C618B6E0018DF1A /* SettingMainView */ = {
			isa = PBXGroup;
			children = (
				9B7130362C34B9D700551E2F /* SettingView.swift */,
				7EB84C972D61CEFE001BFDD8 /* SettingMainText.swift */,
			);
			path = SettingMainView;
			sourceTree = "<group>";
		};
		9B7D8B172C618B7C0018DF1A /* SettingMainModel */ = {
			isa = PBXGroup;
			children = (
				9B87686F2CC076B30091E4DC /* EnumLanguage.swift */,
			);
			path = SettingMainModel;
			sourceTree = "<group>";
		};
		9B84DF9B2C401591003DB50F /* Date */ = {
			isa = PBXGroup;
			children = (
				9B84DF9C2C4015A4003DB50F /* Date+Extension.swift */,
			);
			path = Date;
			sourceTree = "<group>";
		};
		9B8525102C6C1C7100C22E42 /* CalculatorTraining */ = {
			isa = PBXGroup;
			children = (
				9B8525132C6C1CB200C22E42 /* Model */,
				9B8525122C6C1CAB00C22E42 /* View */,
				9B8525112C6C1C9E00C22E42 /* Controller */,
			);
			path = CalculatorTraining;
			sourceTree = "<group>";
		};
		9B8525112C6C1C9E00C22E42 /* Controller */ = {
			isa = PBXGroup;
			children = (
				9B1B352B2C7B520D00D84AA6 /* CalculatorController.swift */,
			);
			path = Controller;
			sourceTree = "<group>";
		};
		9B8525122C6C1CAB00C22E42 /* View */ = {
			isa = PBXGroup;
			children = (
				9B8525142C6C236900C22E42 /* CalculatorView.swift */,
				9BBEADF12C71AD2900F3BBDE /* MarkAttemptCellView.swift */,
				9B93BE5E2CA6E515007DAF63 /* SectionCellMarkView.swift */,
			);
			path = View;
			sourceTree = "<group>";
		};
		9B8525132C6C1CB200C22E42 /* Model */ = {
			isa = PBXGroup;
			children = (
				9BBEADF32C71AE0900F3BBDE /* MarkAttemptCellModel.swift */,
				9B8161D82C7FDD8A00606803 /* EnumColorMark.swift */,
				9B8161DA2C809B8800606803 /* EnumMarkCount.swift */,
				9B7148012C813A1D00EE7EB1 /* EnumListingButton.swift */,
				9B73BCA32C9AEDD30066C006 /* EnumListingMark.swift */,
				9B033AE92CA1900B005A7ECE /* EnumCountSeriesInTarget.swift */,
				9B4FBD702CEA2332007E4327 /* SelectedElementModel.swift */,
				9B3E64CD2CECC34200EF1844 /* SaveOneTrainingModel.swift */,
				9B355A6F2CFF3990006FAF2A /* EnumValueException.swift */,
			);
			path = Model;
			sourceTree = "<group>";
		};
		9B85285B2C3526430006FB34 /* Service */ = {
			isa = PBXGroup;
			children = (
				9B1274082C3C9FA700A3B17B /* ArcheryService.swift */,
				9B87686D2CC075F40091E4DC /* LanguageManager.swift */,
				9B542FA92CF92A5600B22984 /* SnackBarManager.swift */,
			);
			path = Service;
			sourceTree = "<group>";
		};
		9B8768752CC0770F0091E4DC /* String */ = {
			isa = PBXGroup;
			children = (
				9B8768762CC077A20091E4DC /* String+Localized.swift */,
				9BED22132C584DBA00598529 /* String+Extension.swift */,
			);
			path = String;
			sourceTree = "<group>";
		};
		9B88B91A2C32C1FE005931E3 = {
			isa = PBXGroup;
			children = (
				9B88B9252C32C1FE005931E3 /* MyArcheryJournal */,
				9B88B9242C32C1FE005931E3 /* Products */,
			);
			sourceTree = "<group>";
		};
		9B88B9242C32C1FE005931E3 /* Products */ = {
			isa = PBXGroup;
			children = (
				9B88B9232C32C1FE005931E3 /* Archery Journal.app */,
			);
			name = Products;
			sourceTree = "<group>";
		};
		9B88B9252C32C1FE005931E3 /* MyArcheryJournal */ = {
			isa = PBXGroup;
			children = (
				9BA9DAA72C342F99004158EF /* Info.plist */,
				9BA9DAA12C3428BE004158EF /* Extention */,
				9BA9DA8E2C341FA2004158EF /* SupportingFiles */,
				9BA9DA952C3422F4004158EF /* Application */,
				9B85285B2C3526430006FB34 /* Service */,
				9B542FA32CF921ED00B22984 /* CustomUI */,
				9B7D8B082C6189250018DF1A /* MainApplication */,
				9B88B9262C32C1FE005931E3 /* MyArcheryJournalApp.swift */,
				9B88B92A2C32C1FF005931E3 /* Assets.xcassets */,
				7E833EDF2D0C7C930090D8AE /* MyArcheryData.xcdatamodel */,
				9B88B92C2C32C1FF005931E3 /* Preview Content */,
			);
			path = MyArcheryJournal;
			sourceTree = "<group>";
		};
		9B88B92C2C32C1FF005931E3 /* Preview Content */ = {
			isa = PBXGroup;
			children = (
				9B88B92D2C32C1FF005931E3 /* Preview Assets.xcassets */,
			);
			path = "Preview Content";
			sourceTree = "<group>";
		};
		9BA9DA8E2C341FA2004158EF /* SupportingFiles */ = {
			isa = PBXGroup;
			children = (
				7EB84C9A2D61D03A001BFDD8 /* Document */,
				9BA9DA8F2C341FD1004158EF /* Font */,
			);
			path = SupportingFiles;
			sourceTree = "<group>";
		};
		9BA9DA8F2C341FD1004158EF /* Font */ = {
			isa = PBXGroup;
			children = (
				9BA9DA902C341FF0004158EF /* SF_PRO */,
			);
			path = Font;
			sourceTree = "<group>";
		};
		9BA9DA902C341FF0004158EF /* SF_PRO */ = {
			isa = PBXGroup;
			children = (
				9BA9DA932C34224C004158EF /* SFProText-Regular.ttf */,
				9BA9DA912C342239004158EF /* SFProText-Bold.ttf */,
			);
			path = SF_PRO;
			sourceTree = "<group>";
		};
		9BA9DA952C3422F4004158EF /* Application */ = {
			isa = PBXGroup;
			children = (
				9BA9DA9C2C34240B004158EF /* OurSetting */,
				9BA9DA962C3422FD004158EF /* Localization */,
			);
			path = Application;
			sourceTree = "<group>";
		};
		9BA9DA962C3422FD004158EF /* Localization */ = {
			isa = PBXGroup;
			children = (
				9BA9DA972C342320004158EF /* Digest.swift */,
				9BA9DA992C3423BC004158EF /* Localizable.strings */,
			);
			path = Localization;
			sourceTree = "<group>";
		};
		9BA9DA9C2C34240B004158EF /* OurSetting */ = {
			isa = PBXGroup;
			children = (
				9BA9DA9D2C342426004158EF /* PaletteApp.swift */,
				9BA9DA9F2C3425FC004158EF /* OurFont.swift */,
				9BA9DAA52C342BF5004158EF /* ListImages.swift */,
			);
			path = OurSetting;
			sourceTree = "<group>";
		};
		9BA9DAA12C3428BE004158EF /* Extention */ = {
			isa = PBXGroup;
			children = (
				9B8768752CC0770F0091E4DC /* String */,
				9B84DF9B2C401591003DB50F /* Date */,
				9BA9DAA22C3428CA004158EF /* Color */,
			);
			path = Extention;
			sourceTree = "<group>";
		};
		9BA9DAA22C3428CA004158EF /* Color */ = {
			isa = PBXGroup;
			children = (
				9BA9DAA32C3428E1004158EF /* Color+HEX.swift */,
			);
			path = Color;
			sourceTree = "<group>";
		};
/* End PBXGroup section */

/* Begin PBXNativeTarget section */
		9B88B9222C32C1FE005931E3 /* Archery Journal */ = {
			isa = PBXNativeTarget;
			buildConfigurationList = 9B88B9312C32C1FF005931E3 /* Build configuration list for PBXNativeTarget "Archery Journal" */;
			buildPhases = (
				9B88B91F2C32C1FE005931E3 /* Sources */,
				9B88B9202C32C1FE005931E3 /* Frameworks */,
				9B88B9212C32C1FE005931E3 /* Resources */,
			);
			buildRules = (
			);
			dependencies = (
			);
			name = "Archery Journal";
			productName = MyArcheryJournal;
			productReference = 9B88B9232C32C1FE005931E3 /* Archery Journal.app */;
			productType = "com.apple.product-type.application";
		};
/* End PBXNativeTarget section */

/* Begin PBXProject section */
		9B88B91B2C32C1FE005931E3 /* Project object */ = {
			isa = PBXProject;
			attributes = {
				BuildIndependentTargetsInParallel = 1;
				LastSwiftUpdateCheck = 1540;
				LastUpgradeCheck = 1540;
				TargetAttributes = {
					9B88B9222C32C1FE005931E3 = {
						CreatedOnToolsVersion = 15.4;
					};
				};
			};
			buildConfigurationList = 9B88B91E2C32C1FE005931E3 /* Build configuration list for PBXProject "Archery Journal" */;
			compatibilityVersion = "Xcode 14.0";
			developmentRegion = en;
			hasScannedForEncodings = 0;
			knownRegions = (
				en,
				Base,
				ru,
			);
			mainGroup = 9B88B91A2C32C1FE005931E3;
			packageReferences = (
			);
			productRefGroup = 9B88B9242C32C1FE005931E3 /* Products */;
			projectDirPath = "";
			projectRoot = "";
			targets = (
				9B88B9222C32C1FE005931E3 /* Archery Journal */,
			);
		};
/* End PBXProject section */

/* Begin PBXResourcesBuildPhase section */
		9B88B9212C32C1FE005931E3 /* Resources */ = {
			isa = PBXResourcesBuildPhase;
			buildActionMask = 2147483647;
			files = (
				9BA9DA9B2C3423BC004158EF /* Localizable.strings in Resources */,
				9B88B92E2C32C1FF005931E3 /* Preview Assets.xcassets in Resources */,
				9BA9DA922C342239004158EF /* SFProText-Bold.ttf in Resources */,
				7EB84CAA2D61E2BC001BFDD8 /* PrivacyPolicy_English.txt in Resources */,
				9B88B92B2C32C1FF005931E3 /* Assets.xcassets in Resources */,
				7EB84CA42D61D199001BFDD8 /* PrivacyPolicy.txt in Resources */,
				9BA9DA942C34224C004158EF /* SFProText-Regular.ttf in Resources */,
				7EB84CA22D61D14D001BFDD8 /* UserAgreement.txt in Resources */,
				7EB84CA82D61E2B7001BFDD8 /* UserAgreement_English.txt in Resources */,
			);
			runOnlyForDeploymentPostprocessing = 0;
		};
/* End PBXResourcesBuildPhase section */

/* Begin PBXSourcesBuildPhase section */
		9B88B91F2C32C1FE005931E3 /* Sources */ = {
			isa = PBXSourcesBuildPhase;
			buildActionMask = 2147483647;
			files = (
				7EBE27F42D6B3D8E00CDF4C9 /* SettingTrainingTargerViewCollection.swift in Sources */,
				9B542FAA2CF92A5600B22984 /* SnackBarManager.swift in Sources */,
				9B8768702CC076B30091E4DC /* EnumLanguage.swift in Sources */,
				9B8161DB2C809B8800606803 /* EnumMarkCount.swift in Sources */,
				9B7148022C813A1D00EE7EB1 /* EnumListingButton.swift in Sources */,
				9BA23B442D05C58000514487 /* StatisticsGraphModel.swift in Sources */,
				9BA9DAA62C342BF5004158EF /* ListImages.swift in Sources */,
				9B7130352C34B6A400551E2F /* StatisticView.swift in Sources */,
				9B88B9292C32C1FE005931E3 /* ListTrainingView.swift in Sources */,
				9B7130372C34B9D700551E2F /* SettingView.swift in Sources */,
				9BA9DAA02C3425FC004158EF /* OurFont.swift in Sources */,
				9BBEADF42C71AE0900F3BBDE /* MarkAttemptCellModel.swift in Sources */,
				9B73BCA42C9AEDD30066C006 /* EnumListingMark.swift in Sources */,
				9B3E64CE2CECC34200EF1844 /* SaveOneTrainingModel.swift in Sources */,
				9BED220E2C566AA300598529 /* ListTrainingController.swift in Sources */,
				9BA23B462D05C8C400514487 /* StatisticTrainingController.swift in Sources */,
				9B84DF9D2C4015A4003DB50F /* Date+Extension.swift in Sources */,
				9B88B9272C32C1FE005931E3 /* MyArcheryJournalApp.swift in Sources */,
				9BF43E152C360E0F002C0D98 /* ListTrainingViewCell.swift in Sources */,
				7EBE27F62D6B3F8A00CDF4C9 /* SettingCardView.swift in Sources */,
				7EBE27F92D6B4C0800CDF4C9 /* SettingTrainingController.swift in Sources */,
				9B93BE5F2CA6E515007DAF63 /* SectionCellMarkView.swift in Sources */,
				9B87686E2CC075F40091E4DC /* LanguageManager.swift in Sources */,
				9BA9DAA42C3428E1004158EF /* Color+HEX.swift in Sources */,
				9BED22122C57D3E400598529 /* EnumTarget.swift in Sources */,
				9B4FBD712CEA2332007E4327 /* SelectedElementModel.swift in Sources */,
				9B355A6C2CFE65E6006FAF2A /* EnumSnackBarMessage.swift in Sources */,
				9BED22102C57D3D000598529 /* EnumDistance.swift in Sources */,
				9B033AEA2CA1900B005A7ECE /* EnumCountSeriesInTarget.swift in Sources */,
				9B542FA52CF9221E00B22984 /* SnackbarView.swift in Sources */,
				9B1274092C3C9FA700A3B17B /* ArcheryService.swift in Sources */,
				9BB27BA12D09002800D5E846 /* LineGraphView.swift in Sources */,
				9BBEADF62C7233FB00F3BBDE /* EnumSelectedTraining.swift in Sources */,
				9BA9DA982C342320004158EF /* Digest.swift in Sources */,
				7E833EE02D0C7C930090D8AE /* MyArcheryData.xcdatamodel in Sources */,
				9B1B352C2C7B520D00D84AA6 /* CalculatorController.swift in Sources */,
				9BED22142C584DBA00598529 /* String+Extension.swift in Sources */,
				9B8161D92C7FDD8A00606803 /* EnumColorMark.swift in Sources */,
				9B8525152C6C236900C22E42 /* CalculatorView.swift in Sources */,
				7EB84C982D61CEFE001BFDD8 /* SettingMainText.swift in Sources */,
				9B8768772CC077A20091E4DC /* String+Localized.swift in Sources */,
				9BB27B9F2D08620E00D5E846 /* EnumStatisticsPeriod.swift in Sources */,
				9B12740F2C3CB25A00A3B17B /* SettingTrainingView.swift in Sources */,
				9BA9DA9E2C342426004158EF /* PaletteApp.swift in Sources */,
				9B355A702CFF3990006FAF2A /* EnumValueException.swift in Sources */,
				9B84DF9A2C400C53003DB50F /* SettingModel.swift in Sources */,
				9BA23B422D05C4BA00514487 /* HistogramView.swift in Sources */,
				9B87FF572C3580C900E72743 /* ListTrainingModelCell.swift in Sources */,
				9BBEADF22C71AD2900F3BBDE /* MarkAttemptCellView.swift in Sources */,
			);
			runOnlyForDeploymentPostprocessing = 0;
		};
/* End PBXSourcesBuildPhase section */

/* Begin PBXVariantGroup section */
		9BA9DA992C3423BC004158EF /* Localizable.strings */ = {
			isa = PBXVariantGroup;
			children = (
				9BA9DA9A2C3423BC004158EF /* en */,
				9BD3D7932CB7ED8F00B95794 /* ru */,
			);
			name = Localizable.strings;
			sourceTree = "<group>";
		};
/* End PBXVariantGroup section */

/* Begin XCBuildConfiguration section */
		9B88B92F2C32C1FF005931E3 /* Debug */ = {
			isa = XCBuildConfiguration;
			buildSettings = {
				ALWAYS_SEARCH_USER_PATHS = NO;
				ASSETCATALOG_COMPILER_GENERATE_SWIFT_ASSET_SYMBOL_EXTENSIONS = YES;
				CLANG_ANALYZER_LOCALIZABILITY_NONLOCALIZED = YES;
				CLANG_ANALYZER_NONNULL = YES;
				CLANG_ANALYZER_NUMBER_OBJECT_CONVERSION = YES_AGGRESSIVE;
				CLANG_CXX_LANGUAGE_STANDARD = "gnu++20";
				CLANG_ENABLE_MODULES = YES;
				CLANG_ENABLE_OBJC_ARC = YES;
				CLANG_ENABLE_OBJC_WEAK = YES;
				CLANG_WARN_BLOCK_CAPTURE_AUTORELEASING = YES;
				CLANG_WARN_BOOL_CONVERSION = YES;
				CLANG_WARN_COMMA = YES;
				CLANG_WARN_CONSTANT_CONVERSION = YES;
				CLANG_WARN_DEPRECATED_OBJC_IMPLEMENTATIONS = YES;
				CLANG_WARN_DIRECT_OBJC_ISA_USAGE = YES_ERROR;
				CLANG_WARN_DOCUMENTATION_COMMENTS = YES;
				CLANG_WARN_EMPTY_BODY = YES;
				CLANG_WARN_ENUM_CONVERSION = YES;
				CLANG_WARN_INFINITE_RECURSION = YES;
				CLANG_WARN_INT_CONVERSION = YES;
				CLANG_WARN_NON_LITERAL_NULL_CONVERSION = YES;
				CLANG_WARN_OBJC_IMPLICIT_RETAIN_SELF = YES;
				CLANG_WARN_OBJC_LITERAL_CONVERSION = YES;
				CLANG_WARN_OBJC_ROOT_CLASS = YES_ERROR;
				CLANG_WARN_QUOTED_INCLUDE_IN_FRAMEWORK_HEADER = YES;
				CLANG_WARN_RANGE_LOOP_ANALYSIS = YES;
				CLANG_WARN_STRICT_PROTOTYPES = YES;
				CLANG_WARN_SUSPICIOUS_MOVE = YES;
				CLANG_WARN_UNGUARDED_AVAILABILITY = YES_AGGRESSIVE;
				CLANG_WARN_UNREACHABLE_CODE = YES;
				CLANG_WARN__DUPLICATE_METHOD_MATCH = YES;
				COPY_PHASE_STRIP = NO;
				DEBUG_INFORMATION_FORMAT = dwarf;
				ENABLE_STRICT_OBJC_MSGSEND = YES;
				ENABLE_TESTABILITY = YES;
				ENABLE_USER_SCRIPT_SANDBOXING = YES;
				GCC_C_LANGUAGE_STANDARD = gnu17;
				GCC_DYNAMIC_NO_PIC = NO;
				GCC_NO_COMMON_BLOCKS = YES;
				GCC_OPTIMIZATION_LEVEL = 0;
				GCC_PREPROCESSOR_DEFINITIONS = (
					"DEBUG=1",
					"$(inherited)",
				);
				GCC_WARN_64_TO_32_BIT_CONVERSION = YES;
				GCC_WARN_ABOUT_RETURN_TYPE = YES_ERROR;
				GCC_WARN_UNDECLARED_SELECTOR = YES;
				GCC_WARN_UNINITIALIZED_AUTOS = YES_AGGRESSIVE;
				GCC_WARN_UNUSED_FUNCTION = YES;
				GCC_WARN_UNUSED_VARIABLE = YES;
				IPHONEOS_DEPLOYMENT_TARGET = 16.0;
				LOCALIZATION_PREFERS_STRING_CATALOGS = YES;
				MTL_ENABLE_DEBUG_INFO = INCLUDE_SOURCE;
				MTL_FAST_MATH = YES;
				ONLY_ACTIVE_ARCH = YES;
				SDKROOT = iphoneos;
				SWIFT_ACTIVE_COMPILATION_CONDITIONS = "DEBUG $(inherited)";
				SWIFT_OPTIMIZATION_LEVEL = "-Onone";
			};
			name = Debug;
		};
		9B88B9302C32C1FF005931E3 /* Release */ = {
			isa = XCBuildConfiguration;
			buildSettings = {
				ALWAYS_SEARCH_USER_PATHS = NO;
				ASSETCATALOG_COMPILER_GENERATE_SWIFT_ASSET_SYMBOL_EXTENSIONS = YES;
				CLANG_ANALYZER_LOCALIZABILITY_NONLOCALIZED = YES;
				CLANG_ANALYZER_NONNULL = YES;
				CLANG_ANALYZER_NUMBER_OBJECT_CONVERSION = YES_AGGRESSIVE;
				CLANG_CXX_LANGUAGE_STANDARD = "gnu++20";
				CLANG_ENABLE_MODULES = YES;
				CLANG_ENABLE_OBJC_ARC = YES;
				CLANG_ENABLE_OBJC_WEAK = YES;
				CLANG_WARN_BLOCK_CAPTURE_AUTORELEASING = YES;
				CLANG_WARN_BOOL_CONVERSION = YES;
				CLANG_WARN_COMMA = YES;
				CLANG_WARN_CONSTANT_CONVERSION = YES;
				CLANG_WARN_DEPRECATED_OBJC_IMPLEMENTATIONS = YES;
				CLANG_WARN_DIRECT_OBJC_ISA_USAGE = YES_ERROR;
				CLANG_WARN_DOCUMENTATION_COMMENTS = YES;
				CLANG_WARN_EMPTY_BODY = YES;
				CLANG_WARN_ENUM_CONVERSION = YES;
				CLANG_WARN_INFINITE_RECURSION = YES;
				CLANG_WARN_INT_CONVERSION = YES;
				CLANG_WARN_NON_LITERAL_NULL_CONVERSION = YES;
				CLANG_WARN_OBJC_IMPLICIT_RETAIN_SELF = YES;
				CLANG_WARN_OBJC_LITERAL_CONVERSION = YES;
				CLANG_WARN_OBJC_ROOT_CLASS = YES_ERROR;
				CLANG_WARN_QUOTED_INCLUDE_IN_FRAMEWORK_HEADER = YES;
				CLANG_WARN_RANGE_LOOP_ANALYSIS = YES;
				CLANG_WARN_STRICT_PROTOTYPES = YES;
				CLANG_WARN_SUSPICIOUS_MOVE = YES;
				CLANG_WARN_UNGUARDED_AVAILABILITY = YES_AGGRESSIVE;
				CLANG_WARN_UNREACHABLE_CODE = YES;
				CLANG_WARN__DUPLICATE_METHOD_MATCH = YES;
				COPY_PHASE_STRIP = NO;
				DEBUG_INFORMATION_FORMAT = "dwarf-with-dsym";
				ENABLE_NS_ASSERTIONS = NO;
				ENABLE_STRICT_OBJC_MSGSEND = YES;
				ENABLE_USER_SCRIPT_SANDBOXING = YES;
				GCC_C_LANGUAGE_STANDARD = gnu17;
				GCC_NO_COMMON_BLOCKS = YES;
				GCC_WARN_64_TO_32_BIT_CONVERSION = YES;
				GCC_WARN_ABOUT_RETURN_TYPE = YES_ERROR;
				GCC_WARN_UNDECLARED_SELECTOR = YES;
				GCC_WARN_UNINITIALIZED_AUTOS = YES_AGGRESSIVE;
				GCC_WARN_UNUSED_FUNCTION = YES;
				GCC_WARN_UNUSED_VARIABLE = YES;
				IPHONEOS_DEPLOYMENT_TARGET = 16.0;
				LOCALIZATION_PREFERS_STRING_CATALOGS = YES;
				MTL_ENABLE_DEBUG_INFO = NO;
				MTL_FAST_MATH = YES;
				SDKROOT = iphoneos;
				SWIFT_COMPILATION_MODE = wholemodule;
				VALIDATE_PRODUCT = YES;
			};
			name = Release;
		};
		9B88B9322C32C1FF005931E3 /* Debug */ = {
			isa = XCBuildConfiguration;
			buildSettings = {
				ASSETCATALOG_COMPILER_APPICON_NAME = AppIcon;
				ASSETCATALOG_COMPILER_GLOBAL_ACCENT_COLOR_NAME = AccentColor;
				ASSETCATALOG_COMPILER_INCLUDE_ALL_APPICON_ASSETS = NO;
				CODE_SIGN_IDENTITY = "Apple Development";
				CODE_SIGN_STYLE = Automatic;
				CURRENT_PROJECT_VERSION = 1;
				DEVELOPMENT_ASSET_PATHS = "\"MyArcheryJournal/Preview Content\"";
				DEVELOPMENT_TEAM = V6SSVJF63W;
				ENABLE_PREVIEWS = YES;
				GENERATE_INFOPLIST_FILE = YES;
				INFOPLIST_FILE = MyArcheryJournal/Info.plist;
				INFOPLIST_KEY_LSApplicationCategoryType = "public.app-category.sports";
				INFOPLIST_KEY_UIApplicationSceneManifest_Generation = YES;
				INFOPLIST_KEY_UIApplicationSupportsIndirectInputEvents = YES;
				INFOPLIST_KEY_UIRequiresFullScreen = YES;
				INFOPLIST_KEY_UISupportedInterfaceOrientations = UIInterfaceOrientationPortrait;
				LD_RUNPATH_SEARCH_PATHS = (
					"$(inherited)",
					"@executable_path/Frameworks",
				);
				MARKETING_VERSION = 1.0;
				PRODUCT_BUNDLE_IDENTIFIER = com.kutasovEL.MyArcheryJournal;
				PRODUCT_NAME = "$(TARGET_NAME)";
				PROVISIONING_PROFILE_SPECIFIER = "";
				SUPPORTED_PLATFORMS = "iphoneos iphonesimulator";
				SUPPORTS_MACCATALYST = NO;
				SUPPORTS_XR_DESIGNED_FOR_IPHONE_IPAD = NO;
				SWIFT_EMIT_LOC_STRINGS = YES;
				SWIFT_VERSION = 5.0;
				TARGETED_DEVICE_FAMILY = 1;
			};
			name = Debug;
		};
		9B88B9332C32C1FF005931E3 /* Release */ = {
			isa = XCBuildConfiguration;
			buildSettings = {
				ASSETCATALOG_COMPILER_APPICON_NAME = AppIcon;
				ASSETCATALOG_COMPILER_GLOBAL_ACCENT_COLOR_NAME = AccentColor;
				ASSETCATALOG_COMPILER_INCLUDE_ALL_APPICON_ASSETS = NO;
				CODE_SIGN_IDENTITY = "Apple Development";
				CODE_SIGN_STYLE = Automatic;
				CURRENT_PROJECT_VERSION = 1;
				DEVELOPMENT_ASSET_PATHS = "\"MyArcheryJournal/Preview Content\"";
				DEVELOPMENT_TEAM = V6SSVJF63W;
				ENABLE_PREVIEWS = YES;
				GENERATE_INFOPLIST_FILE = YES;
				INFOPLIST_FILE = MyArcheryJournal/Info.plist;
				INFOPLIST_KEY_LSApplicationCategoryType = "public.app-category.sports";
				INFOPLIST_KEY_UIApplicationSceneManifest_Generation = YES;
				INFOPLIST_KEY_UIApplicationSupportsIndirectInputEvents = YES;
				INFOPLIST_KEY_UIRequiresFullScreen = YES;
				INFOPLIST_KEY_UISupportedInterfaceOrientations = UIInterfaceOrientationPortrait;
				LD_RUNPATH_SEARCH_PATHS = (
					"$(inherited)",
					"@executable_path/Frameworks",
				);
				MARKETING_VERSION = 1.0;
				PRODUCT_BUNDLE_IDENTIFIER = com.kutasovEL.MyArcheryJournal;
				PRODUCT_NAME = "$(TARGET_NAME)";
				PROVISIONING_PROFILE_SPECIFIER = "";
				SUPPORTED_PLATFORMS = "iphoneos iphonesimulator";
				SUPPORTS_MACCATALYST = NO;
				SUPPORTS_XR_DESIGNED_FOR_IPHONE_IPAD = NO;
				SWIFT_EMIT_LOC_STRINGS = YES;
				SWIFT_VERSION = 5.0;
				TARGETED_DEVICE_FAMILY = 1;
			};
			name = Release;
		};
/* End XCBuildConfiguration section */

/* Begin XCConfigurationList section */
		9B88B91E2C32C1FE005931E3 /* Build configuration list for PBXProject "Archery Journal" */ = {
			isa = XCConfigurationList;
			buildConfigurations = (
				9B88B92F2C32C1FF005931E3 /* Debug */,
				9B88B9302C32C1FF005931E3 /* Release */,
			);
			defaultConfigurationIsVisible = 0;
			defaultConfigurationName = Release;
		};
		9B88B9312C32C1FF005931E3 /* Build configuration list for PBXNativeTarget "Archery Journal" */ = {
			isa = XCConfigurationList;
			buildConfigurations = (
				9B88B9322C32C1FF005931E3 /* Debug */,
				9B88B9332C32C1FF005931E3 /* Release */,
			);
			defaultConfigurationIsVisible = 0;
			defaultConfigurationName = Release;
		};
/* End XCConfigurationList section */
	};
	rootObject = 9B88B91B2C32C1FE005931E3 /* Project object */;
}
